
Microsoft Visual Studio Solution File, Format Version 12.00
# Visual Studio 15
VisualStudioVersion = 15.0.28306.52
MinimumVisualStudioVersion = 10.0.40219.1
Project("{FAE04EC0-301F-11D3-BF4B-00C04F79EFBC}") = "DSandAlgorithms", "DSandAlgorithms\DSandAlgorithms.csproj", "{7C77F1C3-9F85-4EEB-B3A2-D230729853B5}"
EndProject
Project("{FAE04EC0-301F-11D3-BF4B-00C04F79EFBC}") = "DSandAlgorithmsTests", "DSandAlgorithmsTests\DSandAlgorithmsTests.csproj", "{F2D18339-95DD-4038-B3E5-37F8A0495D43}"
EndProject
Global
	GlobalSection(SolutionConfigurationPlatforms) = preSolution
		Debug|Any CPU = Debug|Any CPU
		Release|Any CPU = Release|Any CPU
	EndGlobalSection
	GlobalSection(ProjectConfigurationPlatforms) = postSolution
		{7C77F1C3-9F85-4EEB-B3A2-D230729853B5}.Debug|Any CPU.ActiveCfg = Debug|Any CPU
		{7C77F1C3-9F85-4EEB-B3A2-D230729853B5}.Debug|Any CPU.Build.0 = Debug|Any CPU
		{7C77F1C3-9F85-4EEB-B3A2-D230729853B5}.Release|Any CPU.ActiveCfg = Release|Any CPU
		{7C77F1C3-9F85-4EEB-B3A2-D230729853B5}.Release|Any CPU.Build.0 = Release|Any CPU
		{F2D18339-95DD-4038-B3E5-37F8A0495D43}.Debug|Any CPU.ActiveCfg = Debug|Any CPU
		{F2D18339-95DD-4038-B3E5-37F8A0495D43}.Debug|Any CPU.Build.0 = Debug|Any CPU
		{F2D18339-95DD-4038-B3E5-37F8A0495D43}.Release|Any CPU.ActiveCfg = Release|Any CPU
		{F2D18339-95DD-4038-B3E5-37F8A0495D43}.Release|Any CPU.Build.0 = Release|Any CPU
	EndGlobalSection
	GlobalSection(SolutionProperties) = preSolution
		HideSolutionNode = FALSE
	EndGlobalSection
	GlobalSection(ExtensibilityGlobals) = postSolution
		SolutionGuid = {F0005C54-4B41-4E64-AB8F-A76E05AE0DBE}
	EndGlobalSection
EndGlobal
